
Microsoft Visual Studio Solution File, Format Version 12.00
# Visual Studio 14
VisualStudioVersion = 14.0.25420.1
MinimumVisualStudioVersion = 10.0.40219.1
Project("{8BC9CEB8-8B4A-11D0-8D11-00A0C91BC942}") = "9", "9\9.vcxproj", "{FB6C63AB-F92E-49CD-AF14-96A9E85EEA4E}"
EndProject
Project("{8BC9CEB8-8B4A-11D0-8D11-00A0C91BC942}") = "20", "20\20.vcxproj", "{E6F3C1E3-8EFE-4DB4-BC75-DBED5E9C029A}"
EndProject
Project("{8BC9CEB8-8B4A-11D0-8D11-00A0C91BC942}") = "23", "23\23.vcxproj", "{DC9D27AC-2043-4EE1-A37B-4A6CC1670B86}"
EndProject
Project("{8BC9CEB8-8B4A-11D0-8D11-00A0C91BC942}") = "24", "24\24.vcxproj", "{DE58FF2A-9892-4A45-AE3D-653E834AAE68}"
EndProject
Project("{8BC9CEB8-8B4A-11D0-8D11-00A0C91BC942}") = "27", "27\27.vcxproj", "{C46B9773-ABAF-4034-8FBA-A950A5EE9C28}"
EndProject
Project("{8BC9CEB8-8B4A-11D0-8D11-00A0C91BC942}") = "28", "28\28.vcxproj", "{72A5CB09-2635-45FD-8BC1-598D5D86639B}"
EndProject
Project("{8BC9CEB8-8B4A-11D0-8D11-00A0C91BC942}") = "29", "29\29.vcxproj", "{F609C9D1-C6F1-40E0-A29F-0ECC6DE49EDB}"
EndProject
Project("{8BC9CEB8-8B4A-11D0-8D11-00A0C91BC942}") = "31", "31\31.vcxproj", "{BA3BB68D-6E57-4DB2-935D-57E5CAC28337}"
EndProject
Project("{8BC9CEB8-8B4A-11D0-8D11-00A0C91BC942}") = "33", "33\33.vcxproj", "{64171CE4-9F5F-4479-A811-B1A3F41E3E34}"
EndProject
Project("{8BC9CEB8-8B4A-11D0-8D11-00A0C91BC942}") = "37", "37\37.vcxproj", "{D1FE75E0-C693-4FF1-BA57-B4FD740AA917}"
EndProject
Global
	GlobalSection(SolutionConfigurationPlatforms) = preSolution
		Debug|x64 = Debug|x64
		Debug|x86 = Debug|x86
		Release|x64 = Release|x64
		Release|x86 = Release|x86
	EndGlobalSection
	GlobalSection(ProjectConfigurationPlatforms) = postSolution
		{FB6C63AB-F92E-49CD-AF14-96A9E85EEA4E}.Debug|x64.ActiveCfg = Debug|x64
		{FB6C63AB-F92E-49CD-AF14-96A9E85EEA4E}.Debug|x64.Build.0 = Debug|x64
		{FB6C63AB-F92E-49CD-AF14-96A9E85EEA4E}.Debug|x86.ActiveCfg = Debug|Win32
		{FB6C63AB-F92E-49CD-AF14-96A9E85EEA4E}.Debug|x86.Build.0 = Debug|Win32
		{FB6C63AB-F92E-49CD-AF14-96A9E85EEA4E}.Release|x64.ActiveCfg = Release|x64
		{FB6C63AB-F92E-49CD-AF14-96A9E85EEA4E}.Release|x64.Build.0 = Release|x64
		{FB6C63AB-F92E-49CD-AF14-96A9E85EEA4E}.Release|x86.ActiveCfg = Release|Win32
		{FB6C63AB-F92E-49CD-AF14-96A9E85EEA4E}.Release|x86.Build.0 = Release|Win32
		{E6F3C1E3-8EFE-4DB4-BC75-DBED5E9C029A}.Debug|x64.ActiveCfg = Debug|x64
		{E6F3C1E3-8EFE-4DB4-BC75-DBED5E9C029A}.Debug|x64.Build.0 = Debug|x64
		{E6F3C1E3-8EFE-4DB4-BC75-DBED5E9C029A}.Debug|x86.ActiveCfg = Debug|Win32
		{E6F3C1E3-8EFE-4DB4-BC75-DBED5E9C029A}.Debug|x86.Build.0 = Debug|Win32
		{E6F3C1E3-8EFE-4DB4-BC75-DBED5E9C029A}.Release|x64.ActiveCfg = Release|x64
		{E6F3C1E3-8EFE-4DB4-BC75-DBED5E9C029A}.Release|x64.Build.0 = Release|x64
		{E6F3C1E3-8EFE-4DB4-BC75-DBED5E9C029A}.Release|x86.ActiveCfg = Release|Win32
		{E6F3C1E3-8EFE-4DB4-BC75-DBED5E9C029A}.Release|x86.Build.0 = Release|Win32
		{DC9D27AC-2043-4EE1-A37B-4A6CC1670B86}.Debug|x64.ActiveCfg = Debug|x64
		{DC9D27AC-2043-4EE1-A37B-4A6CC1670B86}.Debug|x64.Build.0 = Debug|x64
		{DC9D27AC-2043-4EE1-A37B-4A6CC1670B86}.Debug|x86.ActiveCfg = Debug|Win32
		{DC9D27AC-2043-4EE1-A37B-4A6CC1670B86}.Debug|x86.Build.0 = Debug|Win32
		{DC9D27AC-2043-4EE1-A37B-4A6CC1670B86}.Release|x64.ActiveCfg = Release|x64
		{DC9D27AC-2043-4EE1-A37B-4A6CC1670B86}.Release|x64.Build.0 = Release|x64
		{DC9D27AC-2043-4EE1-A37B-4A6CC1670B86}.Release|x86.ActiveCfg = Release|Win32
		{DC9D27AC-2043-4EE1-A37B-4A6CC1670B86}.Release|x86.Build.0 = Release|Win32
		{DE58FF2A-9892-4A45-AE3D-653E834AAE68}.Debug|x64.ActiveCfg = Debug|x64
		{DE58FF2A-9892-4A45-AE3D-653E834AAE68}.Debug|x64.Build.0 = Debug|x64
		{DE58FF2A-9892-4A45-AE3D-653E834AAE68}.Debug|x86.ActiveCfg = Debug|Win32
		{DE58FF2A-9892-4A45-AE3D-653E834AAE68}.Debug|x86.Build.0 = Debug|Win32
		{DE58FF2A-9892-4A45-AE3D-653E834AAE68}.Release|x64.ActiveCfg = Release|x64
		{DE58FF2A-9892-4A45-AE3D-653E834AAE68}.Release|x64.Build.0 = Release|x64
		{DE58FF2A-9892-4A45-AE3D-653E834AAE68}.Release|x86.ActiveCfg = Release|Win32
		{DE58FF2A-9892-4A45-AE3D-653E834AAE68}.Release|x86.Build.0 = Release|Win32
		{C46B9773-ABAF-4034-8FBA-A950A5EE9C28}.Debug|x64.ActiveCfg = Debug|x64
		{C46B9773-ABAF-4034-8FBA-A950A5EE9C28}.Debug|x64.Build.0 = Debug|x64
		{C46B9773-ABAF-4034-8FBA-A950A5EE9C28}.Debug|x86.ActiveCfg = Debug|Win32
		{C46B9773-ABAF-4034-8FBA-A950A5EE9C28}.Debug|x86.Build.0 = Debug|Win32
		{C46B9773-ABAF-4034-8FBA-A950A5EE9C28}.Release|x64.ActiveCfg = Release|x64
		{C46B9773-ABAF-4034-8FBA-A950A5EE9C28}.Release|x64.Build.0 = Release|x64
		{C46B9773-ABAF-4034-8FBA-A950A5EE9C28}.Release|x86.ActiveCfg = Release|Win32
		{C46B9773-ABAF-4034-8FBA-A950A5EE9C28}.Release|x86.Build.0 = Release|Win32
		{72A5CB09-2635-45FD-8BC1-598D5D86639B}.Debug|x64.ActiveCfg = Debug|x64
		{72A5CB09-2635-45FD-8BC1-598D5D86639B}.Debug|x64.Build.0 = Debug|x64
		{72A5CB09-2635-45FD-8BC1-598D5D86639B}.Debug|x86.ActiveCfg = Debug|Win32
		{72A5CB09-2635-45FD-8BC1-598D5D86639B}.Debug|x86.Build.0 = Debug|Win32
		{72A5CB09-2635-45FD-8BC1-598D5D86639B}.Release|x64.ActiveCfg = Release|x64
		{72A5CB09-2635-45FD-8BC1-598D5D86639B}.Release|x64.Build.0 = Release|x64
		{72A5CB09-2635-45FD-8BC1-598D5D86639B}.Release|x86.ActiveCfg = Release|Win32
		{72A5CB09-2635-45FD-8BC1-598D5D86639B}.Release|x86.Build.0 = Release|Win32
		{F609C9D1-C6F1-40E0-A29F-0ECC6DE49EDB}.Debug|x64.ActiveCfg = Debug|x64
		{F609C9D1-C6F1-40E0-A29F-0ECC6DE49EDB}.Debug|x64.Build.0 = Debug|x64
		{F609C9D1-C6F1-40E0-A29F-0ECC6DE49EDB}.Debug|x86.ActiveCfg = Debug|Win32
		{F609C9D1-C6F1-40E0-A29F-0ECC6DE49EDB}.Debug|x86.Build.0 = Debug|Win32
		{F609C9D1-C6F1-40E0-A29F-0ECC6DE49EDB}.Release|x64.ActiveCfg = Release|x64
		{F609C9D1-C6F1-40E0-A29F-0ECC6DE49EDB}.Release|x64.Build.0 = Release|x64
		{F609C9D1-C6F1-40E0-A29F-0ECC6DE49EDB}.Release|x86.ActiveCfg = Release|Win32
		{F609C9D1-C6F1-40E0-A29F-0ECC6DE49EDB}.Release|x86.Build.0 = Release|Win32
		{BA3BB68D-6E57-4DB2-935D-57E5CAC28337}.Debug|x64.ActiveCfg = Debug|x64
		{BA3BB68D-6E57-4DB2-935D-57E5CAC28337}.Debug|x64.Build.0 = Debug|x64
		{BA3BB68D-6E57-4DB2-935D-57E5CAC28337}.Debug|x86.ActiveCfg = Debug|Win32
		{BA3BB68D-6E57-4DB2-935D-57E5CAC28337}.Debug|x86.Build.0 = Debug|Win32
		{BA3BB68D-6E57-4DB2-935D-57E5CAC28337}.Release|x64.ActiveCfg = Release|x64
		{BA3BB68D-6E57-4DB2-935D-57E5CAC28337}.Release|x64.Build.0 = Release|x64
		{BA3BB68D-6E57-4DB2-935D-57E5CAC28337}.Release|x86.ActiveCfg = Release|Win32
		{BA3BB68D-6E57-4DB2-935D-57E5CAC28337}.Release|x86.Build.0 = Release|Win32
		{64171CE4-9F5F-4479-A811-B1A3F41E3E34}.Debug|x64.ActiveCfg = Debug|x64
		{64171CE4-9F5F-4479-A811-B1A3F41E3E34}.Debug|x64.Build.0 = Debug|x64
		{64171CE4-9F5F-4479-A811-B1A3F41E3E34}.Debug|x86.ActiveCfg = Debug|Win32
		{64171CE4-9F5F-4479-A811-B1A3F41E3E34}.Debug|x86.Build.0 = Debug|Win32
		{64171CE4-9F5F-4479-A811-B1A3F41E3E34}.Release|x64.ActiveCfg = Release|x64
		{64171CE4-9F5F-4479-A811-B1A3F41E3E34}.Release|x64.Build.0 = Release|x64
		{64171CE4-9F5F-4479-A811-B1A3F41E3E34}.Release|x86.ActiveCfg = Release|Win32
		{64171CE4-9F5F-4479-A811-B1A3F41E3E34}.Release|x86.Build.0 = Release|Win32
		{D1FE75E0-C693-4FF1-BA57-B4FD740AA917}.Debug|x64.ActiveCfg = Debug|x64
		{D1FE75E0-C693-4FF1-BA57-B4FD740AA917}.Debug|x64.Build.0 = Debug|x64
		{D1FE75E0-C693-4FF1-BA57-B4FD740AA917}.Debug|x86.ActiveCfg = Debug|Win32
		{D1FE75E0-C693-4FF1-BA57-B4FD740AA917}.Debug|x86.Build.0 = Debug|Win32
		{D1FE75E0-C693-4FF1-BA57-B4FD740AA917}.Release|x64.ActiveCfg = Release|x64
		{D1FE75E0-C693-4FF1-BA57-B4FD740AA917}.Release|x64.Build.0 = Release|x64
		{D1FE75E0-C693-4FF1-BA57-B4FD740AA917}.Release|x86.ActiveCfg = Release|Win32
		{D1FE75E0-C693-4FF1-BA57-B4FD740AA917}.Release|x86.Build.0 = Release|Win32
	EndGlobalSection
	GlobalSection(SolutionProperties) = preSolution
		HideSolutionNode = FALSE
	EndGlobalSection
EndGlobal
